
Microsoft Visual Studio Solution File, Format Version 12.00
# Visual Studio Version 16
VisualStudioVersion = 16.0.31729.503
MinimumVisualStudioVersion = 10.0.40219.1
Project("{FAE04EC0-301F-11D3-BF4B-00C04F79EFBC}") = "Asiakass.cs", "Asiakass.cs\Asiakass.cs.csproj", "{4EA6F7A8-2B4A-42EB-9E0B-28CB3F82CDC9}"
EndProject
Global
	GlobalSection(SolutionConfigurationPlatforms) = preSolution
		Debug|Any CPU = Debug|Any CPU
		Release|Any CPU = Release|Any CPU
	EndGlobalSection
	GlobalSection(ProjectConfigurationPlatforms) = postSolution
		{4EA6F7A8-2B4A-42EB-9E0B-28CB3F82CDC9}.Debug|Any CPU.ActiveCfg = Debug|Any CPU
		{4EA6F7A8-2B4A-42EB-9E0B-28CB3F82CDC9}.Debug|Any CPU.Build.0 = Debug|Any CPU
		{4EA6F7A8-2B4A-42EB-9E0B-28CB3F82CDC9}.Release|Any CPU.ActiveCfg = Release|Any CPU
		{4EA6F7A8-2B4A-42EB-9E0B-28CB3F82CDC9}.Release|Any CPU.Build.0 = Release|Any CPU
	EndGlobalSection
	GlobalSection(SolutionProperties) = preSolution
		HideSolutionNode = FALSE
	EndGlobalSection
	GlobalSection(ExtensibilityGlobals) = postSolution
		SolutionGuid = {2BA84FE3-C94A-4C0B-A17B-9559DB9649AB}
	EndGlobalSection
EndGlobal
